
Microsoft Visual Studio Solution File, Format Version 12.00
# Visual Studio Version 17
VisualStudioVersion = 17.11.35219.272
MinimumVisualStudioVersion = 10.0.40219.1
Project("{FAE04EC0-301F-11D3-BF4B-00C04F79EFBC}") = "Linqjointables", "Linqjointables.csproj", "{B051E61D-0ECA-4800-BA30-5A5FCC4FB641}"
EndProject
Global
	GlobalSection(SolutionConfigurationPlatforms) = preSolution
		Debug|Any CPU = Debug|Any CPU
		Release|Any CPU = Release|Any CPU
	EndGlobalSection
	GlobalSection(ProjectConfigurationPlatforms) = postSolution
		{B051E61D-0ECA-4800-BA30-5A5FCC4FB641}.Debug|Any CPU.ActiveCfg = Debug|Any CPU
		{B051E61D-0ECA-4800-BA30-5A5FCC4FB641}.Debug|Any CPU.Build.0 = Debug|Any CPU
		{B051E61D-0ECA-4800-BA30-5A5FCC4FB641}.Release|Any CPU.ActiveCfg = Release|Any CPU
		{B051E61D-0ECA-4800-BA30-5A5FCC4FB641}.Release|Any CPU.Build.0 = Release|Any CPU
	EndGlobalSection
	GlobalSection(SolutionProperties) = preSolution
		HideSolutionNode = FALSE
	EndGlobalSection
	GlobalSection(ExtensibilityGlobals) = postSolution
		SolutionGuid = {A832F755-3180-402A-836E-3B77BC851532}
	EndGlobalSection
EndGlobal
